YªçŠx-®éÜj×¢ëiºÚ+Š§j[h‘éÜ¢éí×Þøí:-jZ.¶›­–)Þ³W°¢&æÖR#¢&g&öçFVæB"À¢'fW'6–öâ#¢#ãã"À¢&Æö6¶f–ÆUfW'6–öâ#¢2À¢'&WV—&W2#¢G'VRÀ¢'6¶vW2#¢°¢"#¢°¢&æÖR#¢&g&öçFVæB"À¢'fW'6–öâ#¢#ãã"À¢&FWVæFVæ6–W2#¢°¢'&V7B#¢%ã’ã"ã‚"À¢'&V7BÖFöÒ#¢%ã’ã"ã‚"À¢'&V7BÖf÷&6RÖw&‚Ó6B#¢%ãã#’ã ¢ÒÀ¢&FWdFWVæFVæ6–W2#¢°¢$G—W2öæöFR#¢%ã#Bã2ã2"À¢$G—W2÷&V7B#¢%ã’ã"ã‚"À¢$G—W2÷&V7BÖFöÒ#¢%ã’ã"ãB"À¢$f—FV§2÷ÇVv–â×&V7B#¢%ãbãã"À¢&÷†Æ–çB#¢%ããs’ã"À¢'G—W67&—B#¢'ãbãã""À¢'f—FR#¢%ã‚ã"ã" ¢Ð¢ÒÀ¢&æöFUöÖöGVÆW2ô&&VÂ÷'VçF–ÖR#¢°¢'fW'6–öâ#¢#rã#’ãr"À¢'&W6öÇfVB#¢&‡GG3¢ò÷&Vv—7G'’æçÖ§2æ÷&rô&&VÂ÷'VçF–ÖRòÒ÷'VçF–ÖRÓrã#’ãrçFw¢"À¢&–çFVw&—G’#¢'6†S"Ôç„ö„uv•¤•¤ucf„Ä†÷”´ÄÆ4¦–…÷„fT$Ôt¦õW'…Eƒ'4“†D6–g¤Æ…¤•4f"µeu37tdÕ$FÔ4wsU"¶D÷•47Æ‡sÓÒ"À¢&Æ–6Vç6R#¢$Ô•B"À¢&Væv–æW2#¢°¢&æöFR#¢#ãÓbã’ã ¢Ð¢ÒÀ¢&æöFUöÖöGVÆW2ô÷†2×&ö¦V7B÷G—W2#¢°¢'fW'6–öâ#¢#ãC‚ã"À¢'&W6öÇfVB#¢&‡GG3¢ò÷&Vv—7G'’æçÖ§2æ÷&rô÷†2×&ö¦V7B÷G—W2òÒ÷G—W2ÓãC‚ãçFw¢"À¢&–çFVw&—G’#¢'6†S"ÔæÓG2ö¤"³Dgg5…ttT3Fƒw'¦·6W6×FäÕ†öÖóg$4Ö6rö#‡¤ÅT÷¦•&v´53g„D5„öÄ¤"óe†ô$õ¢ôõe$•£”ÓÒ"À¢&FWb#¢G'VRÀ¢&Æ–6Vç6R#¢$Ô•B"À¢&gVæF–ær#¢°¢'W&Â#¢&‡GG3¢òöv—F‡V"æ6öÒ÷7öç6÷'2ö÷†2×&ö¦V7B ¢Ð¢ÒÀ¢&æöFUöÖöGVÆW2ô÷†Æ–çBö&–æF–ærÖæG&ö–BÖ&ÒÖV&’#¢°¢'fW'6–öâ#¢#ãƒ"ã"À¢'&W6öÇfVB#¢&‡GG3¢ò÷&Vv—7G'’æçÖ§2æ÷&rô÷†Æ–çBö&–æF–ærÖæG&ö–BÖ&ÒÖV&’òÒö&–æF–ærÖæG&ö–BÖ&ÒÖV&’Óãƒ"ãçFw¢"À¢&–çFVw&—G’#¢'6†S"Ö4Ä"´3TG6£V"÷FÔrö×cUw'§V•„Ws´cVå…v4WfôãUE”´—g…÷uE4§’ôfôw&ó‡§5Df„ÔVÄÕ†fVôôW¤ÓÒ"À¢&7R#¢°¢&&Ò ¢ÒÀ¢&FWb#¢G'VRÀ¢&Æ–6Vç6R#¢$Ô•B"À¢&÷F–öæÂ#¢G'VRÀ¢&÷2#¢°¢&æG&ö–B ¢ÒÀ¢&Væv–æW2#¢°¢&æöFR#¢%ã#ã’ãÇÂãÓ#"ã"ã ¢Ð¢ÒÀ¢&æöFUöÖöGVÆW2ô÷†Æ–çBö&–æF–ærÖæG&ö–BÖ&ÓcB#¢°¢'fW'6–öâ#¢#ãƒ"ã"À¢'&W6öÇfVB#¢&‡GG3¢ò÷&Vv—7G'’æçÖ§2æ÷&rô÷†Æ–çBö&–æF–ærÖæG&ö–BÖ&ÓcBòÒö&–æF–ærÖæG&ö–BÖ&ÓcBÓãƒ"ãçFw¢"À¢&–çFVw&—G’#¢'6†S"Ôô&Æ…&tçf&ÄwvVææòööd¤Äöµ$#„–s6”DÆfãƒ†„¤u¤µ…VW„5%DFÓgWwce•V¥4•†çwC’ô&v£U¤ƒ‡WsÓÒ"À¢&7R#¢°¢&&ÓcB ¢ÒÀ¢&FWb#¢G'VRÀ¢&Æ–6Vç6R#¢$Ô•B"À¢&÷F–öæÂ#¢G'VRÀ¢&÷2#¢°¢&æG&ö–B ¢ÒÀ¢&Væv–æW2#¢°¢&æöFR#¢%ã#ã’ãÇÂãÓ#"ã"ã ¢Ð¢ÒÀ¢&æöFUöÖöGVÆW2ô÷†Æ–çBö&–æF–ærÖF'v–âÖ&ÓcB#¢°¢'fW'6–öâ#¢#ãƒ"ã"À¢'&W6öÇfVB#¢&‡GG3¢ò÷&Vv—7G'’æçÖ§2æ÷&rô÷†Æ–çBö&–æF–ærÖF'v–âÖ&ÓcBòÒö&–æF–ærÖF'v–âÖ&ÓcBÓãƒ"ãçFw¢"À¢&–çFVw&—G’#¢'6†S"ÖG6÷‡E“U¦G•C—TÄ‡”wC7–”Æ÷f†“v…t“5·UöFµ%ö´Æ6Ò´ôSFe#”4£—Ff¦”dóƒS3E‚õG•÷6¤fsÓÒ"À¢&7R#¢°¢&&ÓcB ¢ÒÀ¢&FWb#¢G'VRÀ¢&Æ–6Vç6R#¢$Ô•B"À¢&÷F–öæÂ#¢G'VRÀ¢&÷2#¢°¢&F'v–â ¢ÒÀ¢&Væv–æW2#¢°¢&æöFR#¢%ã#ã’ãÇÂãÓ#"ã"ã ¢Ð¢ÒÀ¢&æöFUöÖöGVÆW2ô÷†Æ–çBö&–æF–ærÖF'v–â×ƒcB#¢°¢'fW'6–öâ#¢#ãƒ"ã"À¢'&W6öÇfVB#¢&‡GG3¢ò÷&Vv—7G'’æçÖ§2æ÷&rô÷†Æ–çBö&–æF–ærÖF'v–â×ƒcBòÒö&–æF–ærÖF'v–â×ƒcBÓãƒ"ãçFw¢"À¢&–çFVw&—G’#¢'6†S"Ó“DÇS6uD6Ä´6öÅScfsdGV–uc4†¶6&´¤&åGE¦¤u–dS…UVvtFt·&Ó&–6¤3d„¥eU–ÆW#$õ†…õƒD'“‚´6÷uÓÒ"À¢&7R#¢°¢'ƒcB ¢ÒÀ¢&FWb#¢G'VRÀ¢&Æ–6Vç6R#¢$Ô•B"À¢&÷F–öæÂ#¢G'VRÀ¢&÷2#¢°¢&F'v–â ¢ÒÀ¢&Væv–æW2#¢°¢&æöFR#¢%ã#ã’ãÇÂãÓ#"ã"ã ¢Ð¢ÒÀ¢&æöFUöÖöGVÆW2ô÷†Æ–çBö&–æF–ærÖg&VV'6B×ƒcB#¢°¢'fW'6–öâ#¢#ãƒ"ã"À¢'&W6öÇfVB#¢&‡GG3¢ò÷&Vv—7G'’æçÖ§2æ÷&rô÷†Æ–çBö&–æF–ærÖg&VV'6B×ƒcBòÒö&–æF–ærÖg&VV'6B×ƒcBÓãƒ"ãçFw¢"À¢&–çFVw&—G’#¢'6†S"Ö†æRõcfWv†ƒ“s‚¶ÃttDå$ôt4u×”gT÷v•u•E'S§–7•7D£CsƒVFÔc‡…SWUWwC&V×d”c—f3u†¦—2¶4£sÓÒ"À¢&7R#¢°¢'ƒcB ¢ÒÀ¢&FWb#¢G'VRÀ¢&Æ–6Vç6R#¢$Ô•B"À¢&÷F–öæÂ#¢G'VRÀ¢&÷2#¢°¢&g&VV'6B ¢ÒÀ¢&Væv–æW2#¢°¢&æöFR#¢%ã#ã’ãÇÂãÓ#"ã"ã ¢Ð¢ÒÀ¢&æöFUöÖöGVÆW2ô÷†Æ–çBö&–æF–ærÖÆ–çW‚Ö&ÒÖvçVV&–†b#¢°¢'fW'6–öâ#¢#ãƒ"ã"À¢'&W6öÇfVB#¢&‡GG3¢ò÷&Vv—7G'’æçÖ§2æ÷&rô÷†Æ–çBö&–æF–ærÖÆ–çW‚Ö&ÒÖvçVV&–†bòÒö&–æF–ærÖÆ–çW‚Ö&ÒÖvçVV&–†bÓãƒ"ãçFw¢"À¢&–çFVw&—G’#¢'6†S"Öu“'‡F%¦cÆæUs•7böã%7†t÷SsD§&Å¤WF£F6ô…ƒ%4„g$6f†ÔVÖR·4’ôVç"·–õE%E6Ô’÷Ã'3dFÄå6·sÓÒ"À¢&7R#¢°¢&&Ò ¢ÒÀ¢&FWb#¢G'VRÀ¢&Æ–6Vç6R#¢$Ô•B"À¢&÷F–öæÂ#¢G'VRÀ¢&÷2#¢°¢&Æ–çW‚ ¢ÒÀ¢&Væv–æW2#¢°¢&æöFR#¢%ã#ã’ãÇÂãÓ#"ã"ã ¢Ð¢ÒÀ¢&æöFUöÖöGVÆW2ô÷†Æ–çBö&–æF–ærÖÆ–çW‚Ö&ÒÖ×W6ÆV&–†b#¢°¢'fW'6–öâ#¢#ãƒ"ã"À¢'&W6öÇfVB#¢&‡GG3¢ò÷&Vv—7G'’æçÖ§2æ÷&rô÷†Æ–çBö&–æF–ærÖÆ–çW‚Ö&ÒÖ×W6ÆV&–†bòÒö&–æF–ærÖÆ–çW‚Ö&ÒÖ×W6ÆV&–†bÓãƒ"ãçFw¢"À¢&–çFVw&—G’#¢'6†S"ÔfRµGE„5„Ö‚óVcvµvÅ£%dw4×VÕ¥wG&fÄµf³ä¦ÄÃS"ö&TwvdDSv÷b²ó†uf—$‡¥vö·¤wSuƒcV…5V5G6µuÓÒ"À¢&7R#¢°¢&&Ò ¢ÒÀ¢&FWb#¢G'VRÀ¢&Æ–6Vç6R#¢$Ô•B"À¢&÷F–öæÂ#¢G'VRÀ¢&÷2#¢°¢&Æ–çW‚ ¢ÒÀ¢&Væv–æW2#¢°¢&æöFR#¢%ã#ã’ãÇÂãÓ#"ã"ã ¢Ð¢ÒÀ¢&æöFUöÖöGVÆW2ô÷†Æ–çBö&–æF–ærÖÆ–çW‚Ö&ÓcBÖvçR#¢°¢'fW'6–öâ#¢#ãƒ"ã"À¢'&W6öÇfVB#¢&‡GG3¢ò÷&Vv—7G'’æçÖ§2æ÷&rô÷†Æ–çBö&–æF–ærÖÆ–çW‚Ö&ÓcBÖvçRòÒö&–æF–ærÖÆ–çW‚Ö&ÓcBÖvçRÓãƒ"ãçFw¢"À¢&–çFVw&—G’#¢'6†S"Óf¤5£dô§VFÇf—çGE„457–Tff4¢ôçeU¦E4ã£†VÆós6´4‡G•3uuF•V56¥u—d£¦”´EW”Ôô2÷dç¦„&öÔÓÒ"À¢&7R#¢°¢&&ÓcB ¢ÒÀ¢&FWb#¢G'VRÀ¢&Æ–&2#¢°¢&vÆ–&2 ¢ÒÀ¢&Æ–6Vç6R#¢$Ô•B"À¢&÷F–öæÂ#¢G'VRÀ¢&÷2#¢°¢&Æ–çW‚ ¢ÒÀ¢&Væv–æW2#¢°¢&æöFR#¢%ã#ã’ãÇÂãÓ#"ã"ã ¢Ð¢ÒÀ¢&æöFUöÖöGVÆW2ô÷†Æ–çBö&–æF–ærÖÆ–çW‚Ö&ÓcBÖ×W6Â#¢°¢'fW'6–öâ#¢#ãƒ"ã"À¢'&W6öÇfVB#¢&‡GG3¢ò÷&Vv—7G'’æçÖ§2æ÷&rô÷†Æ–çBö&–æF–ærÖÆ–çW‚Ö&ÓcBÖ×W6ÂòÒö&–æF–ærÖÆ–çW‚Ö&ÓcBÖ×W6ÂÓãƒ"ãçFw¢"À¢&–çFVw&—G’#¢'6†S"ÕÄV4C„””–ÇusFGtöC•–‡W†T÷v•„ÃD£#G&6äSF”çG”ÓV£•’ó2¶wF“†õ‡ƒS'–tæ¥$Gƒ—†¥uwöçT¤WsÓÒ"À¢&7R#¢°¢&&ÓcB ¢ÒÀ¢&FWb#¢G'VRÀ¢&Æ–&2#¢°¢&×W6Â ¢ÒÀ¢&Æ–6Vç6R#¢$Ô•B"À¢&÷F–öæÂ#¢G'VRÀ¢&÷2#¢°¢&Æ–çW‚ ¢ÒÀ¢&Væv–æW2#¢°¢&æöFR#¢%ã#ã’ãÇÂãÓ#"ã"ã ¢Ð¢ÒÀ¢&æöFUöÖöGVÆW2ô÷†Æ–çBö&–æF–ærÖÆ–çW‚×3cBÖvçR#¢°¢'fW'6–öâ#¢#ãƒ"ã"À¢'&W6öÇfVB#¢&‡GG3¢ò÷&Vv—7G'’æçÖ§2æ÷&rô÷†Æ–çBö&–æF–ærÖÆ–çW‚×3cBÖvçRòÒö&–æF–ærÖÆ–çW‚×3cBÖvçRÓãƒ"ãçFw¢"À¢&–çFVw&—G’#¢'6†S"ÔC“FVÒô'v¶äåFãGg†¤†ƒWv#&ôÃScfTf„&'´—#4å¤Ô„ô§V—&g‡E‡ƒV&$SWGtVdÅ…D“ÕtTwFã4GsÓÒ"À¢&7R#¢°¢'3cB ¢ÒÀ¢&FWb#¢G'VRÀ¢&Æ–&2#¢°¢&vÆ–&2 ¢ÒÀ¢&Æ–6Vç6R#¢$Ô•B"À¢&÷F–öæÂ#¢G'VRÀ¢&÷2#¢°¢&Æ–çW‚ ¢ÒÀ¢&Væv–æW2#¢°¢&æöFR#¢%ã#ã’ãÇÂãÓ#"ã"ã ¢Ð¢ÒÀ¢&æöFUöÖöGVÆW2ô÷†Æ–çBö&–æF–ærÖÆ–çW‚×&—67ccBÖvçR#¢°¢'fW'6–öâ#¢#ãƒ"ã"À¢'&W6öÇfVB#¢&‡GG3¢ò÷&Vv—7G'’æçÖ§2æ÷&rô÷†Æ–çBö&–æF–ærÖÆ–çW‚×&—67ccBÖvçRòÒö&–æF–ærÖÆ–çW‚×&—67ccBÖvçRÓãƒ"ãçFw¢"À¢&–çFVw&—G’#¢'6†S"ÔÔ÷'„&õ•S$CEfw…„6Ã6v‡–EF…wGƒuVÓÄÃS´u”æUTÃuw§4ƒr÷GvDçF$Ç$•væ§6'6Ó2¶ç¢öu$—†§$õ‡sÓÒ"À¢&7R#¢°¢'&—67ccB ¢ÒÀ¢&FWb#¢G'VRÀ¢&Æ–&2#¢°¢&vÆ–&2 ¢ÒÀ¢&Æ–6Vç6R#¢$Ô•B"À¢&÷F–öæÂ#¢G'VRÀ¢&÷2#¢°¢&Æ–çW‚ ¢ÒÀ¢&Væv–æW2#¢°¢&æöFR#¢%ã#ã’ãÇÂãÓ#"ã"ã ¢Ð¢ÒÀ¢&æöFUöÖöGVÆW2ô÷†Æ–çBö&–æF–ærÖÆ–çW‚×&—67ccBÖ×W6Â#¢°¢'fW'6–öâ#¢#ãƒ"ã"À¢'&W6öÇfVB#¢&‡GG3¢ò÷&Vv—7G'’æçÖ§2æ÷&rô÷†Æ–çBö&–æF–ærÖÆ–çW‚×&—67ccBÖ×W6ÂòÒö&–æF–ærÖÆ–çW‚×&—67ccBÖ×W6ÂÓãƒ"ãçFw¢"À¢&–çFVw&—G’#¢'6†S"ÓVƒSU6d¢öÇTE…§¤3#³e4äõ“¢¶D5•wfçD·F5Uvƒ$¦†6´Gt“%§W6%GtÄTæå&U…R´&d§E7%—e¤¤ä´åsÓÒ"À¢&7R#¢°¢'&—67ccB ¢ÒÀ¢&FWb#¢G'VRÀ¢&Æ–&2#¢°¢&×W6Â ¢ÒÀ¢&Æ–6Vç6R#¢$Ô•B"À¢&÷F–öæÂ#¢G'VRÀ¢&÷2#¢°¢&Æ–çW‚ ¢ÒÀ¢&Væv–æW2#¢°¢&æöFR#¢%ã#ã’ãÇÂãÓ#"ã"ã ¢Ð¢ÒÀ¢&æöFUöÖöGVÆW2ô÷†Æ–çBö&–æF–ærÖÆ–çW‚×33“‚ÖvçR#¢°¢'fW'6–öâ#¢#ãƒ"ã"À¢'&W6öÇfVB#¢&‡GG3¢ò÷&Vv—7G'’æçÖ§2æ÷&rô÷†Æ–çBö&–æF–ærÖÆ–çW‚×33“‚ÖvçRòÒö&–æF–ærÖÆ–çW‚×33“‚ÖvçRÓãƒ"ãçFw¢"À¢&–çFVw&—G’#¢'6†S"Ô”S„ä¤äÆÄ‡#6‡”t¥ufãUFµW–ö£“%Vd‡ƒt“E4õ”·5óf'Ed3u—w&£Vöæ³4Ôƒ#W#e£3…6ôã4dSU§VösÓÒ"À¢&7R#¢°¢'33“‚ ¢ÒÀ¢&FWb#¢G'VRÀ¢&Æ–&2#¢°¢&vÆ–&2 ¢ÒÀ¢&Æ–6Vç6R#¢$Ô•B"À¢&÷F–öæÂ#¢G'VRÀ¢&÷2#¢°¢&Æ–çW‚ ¢ÒÀ¢&Væv–æW2#¢°¢&æöFR#¢%ã#ã’ãÇÂãÓ#"ã"ã ¢Ð¢ÒÀ¢&æöFUöÖöGVÆW2ô÷†Æ–çBö&–æF–ærÖÆ–çW‚×ƒcBÖvçR#¢°¢'fW'6–öâ#¢#ãƒ"ã"À¢'&W6öÇfVB#¢&‡GG3¢ò÷&Vv—7G'’æçÖ§2æ÷&rô÷†Æ–çBö&–æF–ærÖÆ–çW‚×ƒcBÖvçRòÒö&–æF–ærÖÆ–çW‚×ƒcBÖvçRÓãƒ"ãçFw¢"À¢&–çFVw&—G’#¢'6†S"Õ…UUW†&ó•„¶Â´£#”VÕ5DuFG¦UU'fôv¶gv‚ó“Evæ%r¶„'$FÆ¦æVô“$Ó§¤3'§$•c6–†3v”Ó•U†Ã‚·FsÓÒ"À¢&7R#¢°¢'ƒcB ¢ÒÀ¢&FWb#¢G'VRÀ¢&Æ–&2#¢°¢&vÆ–&2 ¢ÒÀ¢&Æ–6Vç6R#¢$Ô•B"À¢&÷F–öæÂ#¢G'VRÀ¢&÷2#¢°¢&Æ–çW‚ ¢ÒÀ¢&Væv–æW2#¢°¢&æöFR#¢%ã#ã’ãÇÂãÓ#"ã"ã ¢Ð¢ÒÀ¢&æöFUöÖöGVÆW2ô÷†Æ–çBö&–æF–ærÖÆ–çW‚×ƒcBÖ×W6Â#¢°¢'fW'6–öâ#¢#ãƒ"ã"À¢'&W6öÇfVB#¢&‡GG3¢ò÷&Vv—7G'’æçÖ§2æ÷&rô÷†Æ–çBö&–æF–ærÖÆ–çW‚×ƒcBÖ×W6ÂòÒö&–æF–ærÖÆ–çW‚×ƒcBÖ×W6ÂÓãƒ"ãçFw¢"À¢&–çFVw&—G’#¢'6†S"Õ5tÅ4gVÅƒ•DGTƒg—f%—Bµdæãf¦¶´—gd’´¶—V¤DÓW%t%$„Vf¶W442÷6æT”•W#f÷f·…£Ve'G“'cT7£Tg$Ô¥¦sÓÒ"À¢&7R#¢°¢'ƒcB ¢ÒÀ¢&FWb#¢G'VRÀ¢&Æ–&2#¢°¢&×W6Â ¢ÒÀ¢&Æ–6Vç6R#¢$Ô•B"À¢&÷F–öæÂ#¢G'VRÀ¢&÷2#¢°¢&Æ–çW‚ ¢ÒÀ¢&Væv–æW2#¢°¢&æöFR#¢%ã#ã’ãÇÂãÓ#"ã"ã ¢Ð¢ÒÀ¢&æöFUöÖöGVÆW2ô÷†Æ–çBö&–æF–ærÖ÷Væ†&Ööç’Ö&ÓcB#¢°¢'fW'6–öâ#¢#ãƒ"ã"À¢'&W6öÇfVB#¢&‡GG3¢ò÷&Vv—7G'’æçÖ§2æ÷&rô÷†Æ–çBö&–æF–ærÖ÷Væ†&Ööç’Ö&ÓcBòÒö&–æF–ærÖ÷Væ†&Ööç’Ö&ÓcBÓãƒ"ãçFw¢"À¢&–çFVw&—G’#¢'6†S"Ô%“3Vce¥VDç#–f3t#v÷'…F4Æ¤'”uC'£5tvÕ&÷g'vÕ”¢´åGÆÔ×¦†F¦D£G66†dÔå§’õV¶r·&sg§6UÓÒ"À¢&7R#¢°¢&&ÓcB ¢ÒÀ¢&FWb#¢G'VRÀ¢&Æ–6Vç6R#¢$Ô•B"À¢&÷F–öæÂ#¢G'VRÀ¢&÷2#¢°¢&÷Væ†&Ööç’ ¢ÒÀ¢&Væv–æW2#¢°¢&æöFR#¢%ã#ã’ãÇÂãÓ#"ã"ã ¢Ð¢ÒÀ¢&æöFUöÖöGVÆW2ô÷†Æ–çBö&–æF–ær×v–ã3"Ö&ÓcBÖ×7f2#¢°¢'fW'6–öâ#¢#ãƒ"ã"À¢'&W6öÇfVB#¢&‡GG3¢ò÷&Vv—7G'’æçÖ§2æ÷&rô÷†Æ–çBö&–æF–ær×v–ã3"Ö&ÓcBÖ×7f2òÒö&–æF–ær×v–ã3"Ö&ÓcBÖ×7f2Óãƒ"ãçFw¢"À¢&–çFVw&—G’#¢'6†S"ÕcE…5FsVv7E§VS…$¦§4v“tçF‡"÷ô†fÖ”Ô3V¶fS´dWW•5%gV#Df¶–¥¦D†g†£v$ÄÃ´ó5óróV'tÕÓÒ"À¢&7R#¢°¢&&ÓcB ¢ÒÀ¢&FWb#¢G'VRÀ¢&Æ–6Vç6R#¢$Ô•B"À¢&÷F–öæÂ#¢G'VRÀ¢&÷2#¢°¢'v–ã3" ¢ÒÀ¢&Væv–æW2#¢°¢&æöFR#¢%ã#ã’ãÇÂãÓ#"ã"ã ¢Ð¢ÒÀ¢&æöFUöÖöGVÆW2ô÷†Æ–çBö&–æF–ær×v–ã3"Ö–3"Ö×7f2#¢°¢'fW'6–öâ#¢#ãƒ"ã"À¢'&W6öÇfVB#¢&‡GG3¢ò÷&Vv—7G'’æçÖ§2æ÷&rô÷†Æ–çBö&–æF–ær×v–ã3"Ö–3"Ö×7f2òÒö&–æF–ær×v–ã3"Ö–3"Ö×7f2Óãƒ"ãçFw¢"À¢&–çFVw&—G’#¢'6†S"ÕEU44Æ´#'–·Gd¢÷#4„U—6bó4ECt¥3F”ä·–öƒ6•”çtCTstW¦ƒDC†Ó#3cSGe5Seõ%$4¥%¶SGUôÓÒ"À¢&7R#¢°¢&–3" ¢ÒÀ¢&FWb#¢G'VRÀ¢&Æ–6Vç6R#¢$Ô•B"À¢&÷F–öæÂ#¢G'VRÀ¢&÷2#¢°¢'v–ã3" ¢ÒÀ¢&Væv–æW2#¢°¢&æöFR#¢%ã#ã’ãÇÂãÓ#"ã"ã ¢Ð¢ÒÀ¢&æöFUöÖöGVÆW2ô÷†Æ–çBö&–æF–ær×v–ã3"×ƒcBÖ×7f2#¢°¢'fW'6–öâ#¢#ãƒ"ã"À¢'&W6öÇfVB#¢&‡GG3¢ò÷&Vv—7G'’æçÖ§2æ÷&rô÷†Æ–çBö&–æF–ær×v–ã3"×ƒcBÖ×7f2òÒö&–æF–ær×v–ã3"×ƒcBÖ×7f2Óãƒ"ãçFw¢"À¢&–çFVw&—G’#¢'6†S"ÕeEfõ$•t¥F"·weUƒ„U–õ&ddƒ'v‡U#vôe„RôÄ…%%ƒ36¥'$fw&4ôå…¤Ö”cD3W&æGFf¶Óƒt‡–ã†¦#††ÕÓÒ"À¢&7R#¢°¢'ƒcB ¢ÒÀ¢&FWb#¢G'VRÀ¢&Æ–6Vç6R#¢$Ô•B"À¢&÷F–öæÂ#¢G'VRÀ¢&÷2#¢°¢'v–ã3" ¢ÒÀ¢&Væv–æW2#¢°¢&æöFR#¢%ã#ã’ãÇÂãÓ#"ã"ã ¢Ð¢ÒÀ¢&æöFUöÖöGVÆW2ô&öÆÆF÷vâö&–æF–ærÖæG&ö–BÖ&ÒÖV&’#¢°¢'fW'6–öâ#¢#ã"ãr"À¢'&W6öÇfVB#¢&‡GG3¢ò÷&Vv—7G'’æçÖ§2æ÷&rô&öÆÆF÷vâö&–æF–ærÖæG&ö–BÖ&ÒÖV&’òÒö&–æF–ærÖæG&ö–BÖ&ÒÖV&’Óã"ãrçFw¢"À¢&–çFVw&—G’#¢'6†S"ÔW—¦vå”7w•e“DäD„·¤vÔä¥CV"µ†T&æ”‡‡4ÖFT•Ä"÷F47¥¦æ‡'¤‡¤f%ƒ––‡‚³U&”#†6D'Fge¥w¥g…ÓÒ"À¢&7R#¢°¢&&Ò ¢ÒÀ¢&FWb#¢G'VRÀ¢&Æ–6Vç6R#¢$Ô•B"À¢&÷F–öæÂ#¢G'VRÀ¢&÷2#¢°¢&æG&ö–B ¢ÒÀ¢&Væv–æW2#¢°¢&æöFR#¢%ã#ã’ãÇÂãÓ#"ã"ã ¢Ð¢ÒÀ¢&æöFUöÖöGVÆW2ô&öÆÆF÷vâö&–æF–ærÖæG&ö–BÖ&ÓcB#¢°¢'fW'6–öâ#¢#ã"ãr"À¢'&W6öÇfVB#¢&‡GG3¢ò÷&Vv—7G'’æçÖ§2æ÷&rô&öÆÆF÷vâö&–æF–ærÖæG&ö–BÖ&ÓcBòÒö&–æF–ærÖæG&ö–BÖ&ÓcBÓã"ãrçFw¢"À¢&–çFVw&—G’#¢'6†S"ÖÃt„S”WvUv¥¦‡UWTä$âôg¤Óc'‡r´DT5fä§—d×7†ã‡d¤dtÇ“UdÄFõ”7&öæ´ã…g„µ¤†W¤GVÄ„Eƒ“WdgsÓÒ"À¢&7R#¢°¢&&ÓcB ¢ÒÀ¢&FWb#¢G'VRÀ¢&Æ–6Vç6R#¢$Ô•B"À¢&÷F–öæÂ#¢G'VRÀ¢&÷2#¢°¢&æG&ö–B ¢ÒÀ¢&Væv–æW2#¢°¢&æöFR#¢%ã#ã’ãÇÂãÓ#"ã"ã ¢Ð¢ÒÀ¢&æöFUöÖöGVÆW2ô&öÆÆF÷vâö&–æF–ærÖF'v–âÖ&ÓcB#¢°¢'fW'6–öâ#¢#ã"ãr"À¢'&W6öÇfVB#¢&‡GG3¢ò÷&Vv—7G'’æçÖ§2æ÷&rô&öÆÆF÷vâö&–æF–ærÖF'v–âÖ&ÓcBòÒö&–æF–ærÖF'v–âÖ&ÓcBÓã"ãrçFw¢"À¢&–çFVw&—G’#¢'6†S"Ó„TC„TÄgd…†3dô4UD–ãFu„ö%–#f&6´Òö—‡F'¦ÅdE$Ô&dTv¤4¶tó“c•—FfGFEg‚õ¥sv£eTÖbòµC4×sÓÒ"À¢&7R#¢°¢&&ÓcB ¢ÒÀ¢&FWb#¢G'VRÀ¢&Æ–6Vç6R#¢$Ô•B"À¢&÷F–öæÂ#¢G'VRÀ¢&÷2#¢°¢&F'v–â ¢ÒÀ¢&Væv–æW2#¢°¢&æöFR#¢%ã#ã’ãÇÂãÓ#"ã"ã ¢Ð¢ÒÀ¢&æöFUöÖöGVÆW2ô&öÆÆF÷vâö&–æF–ærÖF'v–â×ƒcB#¢°¢'fW'6–öâ#¢#ã"ãr"À¢'&W6öÇfVB#¢&‡GG3¢ò÷&Vv—7G'’æçÖ§2æ÷&rô&öÆÆF÷vâö&–æF–ærÖF'v–â×ƒcBòÒö&–æF–ærÖF'v–â×ƒcBÓã"ãrçFw¢"À¢&–çFVw&—G’#¢'6†S"Òõu&—§F”•£'Eu“vFF–¤õ%CV¦sƒww…ur÷6ôed4´udE‡E“‡#tF£Ó4w”äw£c¤wuDVÆ‡&òöÖ´c–ECvDEÓÒ"À¢&7R#¢°¢'ƒcB ¢ÒÀ¢&FWb#¢G'VRÀ¢&Æ–6Vç6R#¢$Ô•B"À¢&÷F–öæÂ#¢G'VRÀ¢&÷2#¢°¢&F'v–â ¢ÒÀ¢&Væv–æW2#¢°¢&æöFR#¢%ã#ã’ãÇÂãÓ#"ã"ã ¢Ð¢ÒÀ¢&æöFUöÖöGVÆW2ô&öÆÆF÷vâö&–æF–ærÖg&VV'6B×ƒcB#¢°¢'fW'6–öâ#¢#ã"ãr"À¢'&W6öÇfVB#¢&‡GG3¢ò÷&Vv—7G'’æçÖ§2æ÷&rô&öÆÆF÷vâö&–æF–ærÖg&VV'6B×ƒcBòÒö&–æF–ærÖg&VV'6B×ƒcBÓã"ãrçFw¢"À¢&–çFVw&—G’#¢'6†S"ÓDD“Dæ7f$”7…6ätÇƒ5×DFw%ô´u4v#d2´¤ÄÅeU¥&ÃfD¶D†&7w7C7gEG„U”•sÔÕ†3…—ô§„ÓÒ"À¢&7R#¢°¢'ƒcB ¢ÒÀ¢&FWb#¢G'VRÀ¢&Æ–6Vç6R#¢$Ô•B"À¢&÷F–öæÂ#¢G'VRÀ¢&÷2#¢°¢&g&VV'6B ¢ÒÀ¢&Væv–æW2#¢°¢&æöFR#¢%ã#ã’ãÇÂãÓ#"ã"ã ¢Ð¢ÒÀ¢&æöFUöÖöGVÆW2ô&öÆÆF÷vâö&–æF–ærÖÆ–çW‚Ö&ÒÖvçVV&–†b#¢°¢'fW'6–öâ#¢#ã"ãr"À¢'&W6öÇfVB#¢&‡GG3¢ò÷&Vv—7G'’æçÖ§2æ÷&rô&öÆÆF÷vâö&–æF–ærÖÆ–çW‚Ö&ÒÖvçVV&–†bòÒö&–æF–ærÖÆ–çW‚Ö&ÒÖvçVV&–†bÓã"ãrçFw¢"À¢&–çFVw&—G’#¢'6†S"Ö'‡%t•'d…uf$§v’µd––Rö´D¦Õ†4äSg‡…wu¦GbôW…d–wD†·cSEuDÅ"µ5¦Fäg“†fst¥ettÃ$ƒggt–ÅÓÒ"À¢&7R#¢°¢&&Ò ¢ÒÀ¢&FWb#¢G'VRÀ¢&Æ–6Vç6R#¢$Ô•B"À¢&÷F–öæÂ#¢G'VRÀ¢&÷2#¢°¢&Æ–çW‚ ¢ÒÀ¢&Væv–æW2#¢°¯{ã»h‘éì¶»§q«^uKLKŒŒÞˆ‹ˆš[YÜš]HŽˆœÚMLL‹MRŽZ‘ÒUR™X\ÛÛ]S\ÝÍÜ‘™VZÓJÛšŒÔZVVÎQ^[TXÝ\šMSÌÚÛ”]žP•L\ZSØU”–”ÝÓQS•TÍŒ•™ÏOH‹ˆ›XÙ[œÙHŽˆ“RU‚ˆKˆ››ÙWÛ[Ù[\ËÛ™Ü˜\œ˜[™ÛHŽˆÂˆ™\œÚ[ÛˆŽˆŒKŒ‹Œ‹ˆœ™\ÛÛ™YŽˆšÎ‹ËÜ™YÚ\ÝžK›œZœË›Ü™ËÛ™Ü˜\œ˜[™ÛKËKÛ™Ü˜\œ˜[™ÛKLKŒ‹ŒÞˆ‹ˆš[YÜš]HŽˆœÚMLL‹MUYPQØŒ’Ö[š™˜”ÚSžR™›ØP]›U“TUV”ÙV•Í™S‘ÐNQØZšVT˜‘œ^UÑšÑXž[Íž\\ÐPÕ]U™OOH‹ˆ›XÙ[œÙHŽˆ”ÑLËPÛ]\ÙH‚ˆKˆ››ÙWÛ[Ù[\ËÛØš™XÝX\ÜÚYÛˆŽˆÂˆ™\œÚ[ÛˆŽˆŒKŒH‹ˆœ™\ÛÛ™YŽˆšÎ‹ËÜ™YÚ\ÝžK›œZœË›Ü™ËÛØš™XÝX\ÜÚYÛ‹ËKÛØš™XÝX\ÜÚYÛ‹MŒKŒKÞˆ‹ˆš[YÜš]HŽˆœÚMLL‹\’™Õ[šÕ[’\ÑÎU•”ÕLÞ‘ÜÕÛ]MœÖš\ÙVN–
ÑÔLÔ‘ÑJÒ“‘ÖšÛ[“”Û˜ÌÑ•TR™MÕMZŠÐ˜ÕYÏOH‹ˆ›XÙ[œÙHŽˆ“RU‹ˆ™[™Ú[™\ÈŽˆÂˆ››ÙHŽˆLŒLŒ‚ˆBˆKˆ››ÙWÛ[Ù[\ËÛÞ[ŽˆÂˆ™\œÚ[ÛˆŽˆŒKŽ‹Œ‹ˆœ™\ÛÛ™YŽˆšÎ‹ËÜ™YÚ\ÝžK›œZœË›Ü™ËÛÞ[ËKÛÞ[LKŽ‹ŒÞˆ‹ˆš[YÜš]HŽˆœÚMLL‹JÚQ“LP‘ÝÌ[RÔ[™Ø’›Z˜œ‘ÞRÓUPQÖÚZœÑÛ–XÐ”NV›”YÔÌPÊÜ˜Ñ^NV^Q’’Ô\TZÕ^•SX›ÔOOH‹ˆ™]ˆŽˆYKˆ›XÙ[œÙHŽˆ“RU‹ˆ˜š[ˆŽˆÂˆ›Þ[Žˆ˜š[‹ÛÞ[‚ˆKˆ™[™Ú[™\ÈŽˆÂˆ››ÙHŽˆ—ŒŒŒNKŒLŒ‹ŒL‹Œ‚ˆKˆ™[™[™ÈŽˆÂˆ\›ŽˆšÎ‹ËÙÚ]X‹˜ÛÛKÜÜÛœÛÜœËÛÞË\›Ú™XÝ‚ˆKˆ›Ü[Û˜[\[™[˜ÚY\ÈŽˆÂˆÞ[Øš[™[™ËX[™›ÚYX\›KYXXšHŽˆŒKŽ‹Œ‹ˆÞ[Øš[™[™ËX[™›ÚYX\›MŽˆŒKŽ‹Œ‹ˆÞ[Øš[™[™ËY\Ú[‹X\›MŽˆŒKŽ‹Œ‹ˆÞ[Øš[™[™ËY\Ú[‹^ŽˆŒKŽ‹Œ‹ˆÞ[Øš[™[™ËYœ™YXœÙ^ŽˆŒKŽ‹Œ‹ˆÞ[Øš[™[™Ë[[^X\›KYÛYXXšZˆŽˆŒKŽ‹Œ‹ˆÞ[Øš[™[™Ë[[^X\›K[]\ÛXXšZˆŽˆŒKŽ‹Œ‹ˆÞ[Øš[™[™Ë[[^X\›MYÛHŽˆŒKŽ‹Œ‹ˆÞ[Øš[™[™Ë[[^X\›M[]\ÛŽˆŒKŽ‹Œ‹ˆÞ[Øš[™[™Ë[[^\ÍYÛHŽˆŒKŽ‹Œ‹ˆÞ[Øš[™[™Ë[[^\š\ØÝYÛHŽˆŒKŽ‹Œ‹ˆÞ[Øš[™[™Ë[[^\š\ØÝ[]\ÛŽˆŒKŽ‹Œ‹ˆÞ[Øš[™[™Ë[[^\ÌÎLYÛHŽˆŒKŽ‹Œ‹ˆÞ[Øš[™[™Ë[[^^YÛHŽˆŒKŽ‹Œ‹ˆÞ[Øš[™[™Ë[[^^[]\ÛŽˆŒKŽ‹Œ‹ˆÞ[Øš[™[™Ë[Ü[š\›[ÛžKX\›MŽˆŒKŽ‹Œ‹ˆÞ[Øš[™[™Ë]Ú[ŒÌ‹X\›M[\Ý˜ÈŽˆŒKŽ‹Œ‹ˆÞ[Øš[™[™Ë]Ú[ŒÌ‹ZXLÌ‹[\Ý˜ÈŽˆŒKŽ‹Œ‹ˆÞ[Øš[™[™Ë]Ú[ŒÌ‹^[\Ý˜ÈŽˆŒKŽ‹Œ‚ˆKˆœY\‘\[™[˜ÚY\ÈŽˆÂˆ›Þ[]ÙÛÛ[ŽˆMËŒŒŒH‹ˆš]K\\ÈŽˆŠˆ‚ˆKˆœY\‘\[™[˜ÚY\ÓY]HŽˆÂˆ›Þ[]ÙÛÛ[ŽˆÂˆ›Ü[Û˜[ŽˆYBˆKˆš]K\\ÈŽˆÂˆ›Ü[Û˜[ŽˆYBˆBˆBˆKˆ››ÙWÛ[Ù[\ËÜXÛØÛÛÜœÈŽˆÂˆ™\œÚ[ÛˆŽˆŒKŒKŒH‹ˆœ™\ÛÛ™YŽˆšÎ‹ËÜ™YÚ\ÝžK›œZœË›Ü™ËÜXÛØÛÛÜœËËKÜXÛØÛÛÜœËLKŒKŒKÞˆ‹ˆš[YÜš]HŽˆœÚMLL‹^ÙRœÛšSN[\QÛQ]ÍM›LÍÍ›UšÑVÚ‘X‹Ôž‘žYYÓ[ÙSœÛÖQ‘‹ÓÝLÑ^SXÙT›R‘UOOH‹ˆ™]ˆŽˆYKˆ›XÙ[œÙHŽˆ’TÐÈ‚ˆKˆ››ÙWÛ[Ù[\ËÜXÛÛX]ÚŽˆÂˆ™\œÚ[ÛˆŽˆŒÈ‹ˆœ™\ÛÛ™YŽˆšÎ‹ËÜ™YÚ\ÝžK›œZœË›Ü™ËÜXÛÛX]ÚËKÜXÛÛX]ÚMŒËÞˆ‹ˆš[YÜš]HŽˆœÚMLL‹\XÒNL’UÜRœÑLŽR’ÓYÑÛKÙ’[•Í”[”ÚRRZž‘ÓÜØÑLÞ\’ÙUSÕ\ÔNÕ›S’ŒšÒMÞZÑÐOOH‹ˆ™]ˆŽˆYKˆ›XÙ[œÙHŽˆ“RU‹ˆ™[™Ú[™\ÈŽˆÂˆ››ÙHŽˆLLˆ‚ˆKˆ™[™[™ÈŽˆÂˆ\›ŽˆšÎ‹ËÙÚ]X‹˜ÛÛKÜÜÛœÛÜœËÚ›ÛœØÚ[šÙ\‚ˆBˆKˆ››ÙWÛ[Ù[\ËÜÛ\ÚYŽˆÂˆ™\œÚ[ÛˆŽˆŒËŒH‹ˆœ™\ÛÛ™YŽˆšÎ‹ËÜ™YÚ\ÝžK›œZœË›Ü™ËÜÛ\ÚYËKÜÛ\ÚYMŒËŒKÞˆ‹ˆš[YÜš]HŽˆœÚMLL‹SÐ˜]žPËÓÔÐÕËÑ˜Q”Ù
Ý›ŒÍXÔÎMUÛVZMÚÙÕSTÒÑUÞ\ËØÚÕ]ŒÚMSžUÝÔ[“UŒÜÔÐOOH‹ˆ›XÙ[œÙHŽˆ“RU‹ˆ™\[™[˜ÚY\ÈŽˆÂˆ˜X™[Ü[[YHŽˆ—ËŒMËŽ‚ˆKˆ™[™Ú[™\ÈŽˆÂˆ››ÙHŽˆLL‚ˆBˆKˆ››ÙWÛ[Ù[\ËÜÜÝÜÜÈŽˆÂˆ™\œÚ[ÛˆŽˆŽKŒŽ‹ˆœ™\ÛÛ™YŽˆšÎ‹ËÜ™YÚ\ÝžK›œZœË›Ü™ËÜÜÝÜÜËËKÜÜÝÜÜËNKŒŽÞˆ‹ˆš[YÜš]HŽˆœÚMLL‹T”^œQVNZÜ]^ZÚÊÕœÛUœÍ•ÝÔÕM“Ò“YVMÝQQVUÎR”Ù]ÓTž›^]ŠÒÑ[ÑÎŒÔYÌœSM]“KÐOOH‹ˆ™]ˆŽˆYKˆ™[™[™ÈŽˆÂˆÂˆ\HŽˆ›Ü[˜ÛÛXÝ]™H‹ˆ\›ŽˆšÎ‹ËÛÜ[˜ÛÛXÝ]™K˜ÛÛKÜÜÝÜÜËÈ‚ˆKˆÂˆ\HŽˆY[Y‹ˆ\›ŽˆšÎ‹ËÝY[Y˜ÛÛKÙ[™[™ËÙÚ]X‹ÛœKÜÜÝÜÜÈ‚ˆKˆÂˆ\HŽˆ™Ú]Xˆ‹ˆ\›ŽˆšÎ‹ËÙÚ]X‹˜ÛÛKÜÜÛœÛÜœËØZH‚ˆBˆKˆ›XÙ[œÙHŽˆ“RU‹ˆ™\[™[˜ÚY\ÈŽˆÂˆ›˜[›ÚYŽˆ—ŒËŒËŒN‹ˆœXÛØÛÛÜœÈŽˆ—ŒKŒKŒH‹ˆœÛÝ\˜ÙK[X\ZœÈŽˆ—ŒKŒ‹ŒH‚ˆKˆ™[™Ú[™\ÈŽˆÂˆ››ÙHŽˆ—ŒLŒLˆLM‚ˆBˆKˆ››ÙWÛ[Ù[\ËÜ™XXÝŽˆÂˆ™\œÚ[ÛˆŽˆŒLŒŽKŽ‹ˆœ™\ÛÛ™YŽˆšÎ‹ËÜ™YÚ\ÝžK›œZœË›Ü™ËÜ™XXÝËKÜ™XXÝLLŒŽKŽÞˆ‹ˆš[YÜš]HŽˆœÚMLL‹YZŒ˜U–ŠÝ–ŽÓÍÝ›UÔ“NSŒÐLÞ‘Ž\MUÒ™‘RÖXR[Ù•ÖNZMÍY”\š›Ô[VšL‹Û–YÓŒ’ÔQ^\^TOOH‹ˆ›XÙ[œÙHŽˆ“RU‹ˆ™[™[™ÈŽˆÂˆ\HŽˆ›Ü[˜ÛÛXÝ]™H‹ˆ\›ŽˆšÎ‹ËÛÜ[˜ÛÛXÝ]™K˜ÛÛKÜ™XXÝ‚ˆKˆœY\‘\[™[˜ÚY\ÈŽˆÂˆœ™XXÝ\™[™\‹]Ë\Ýš[™ÈŽˆMH‚ˆKˆœY\‘\[™[˜ÚY\ÓY]HŽˆÂˆœ™XXÝ\™[™\‹]Ë\Ýš[™ÈŽˆÂˆ›Ü[Û˜[ŽˆYBˆBˆBˆKˆ››ÙWÛ[Ù[\ËÜ›Ü]\\ÈŽˆÂˆ™\œÚ[ÛˆŽˆŒMKŽŒH‹ˆœ™\ÛÛ™YŽˆšÎ‹ËÜ™YÚ\ÝžK›œZœË›Ü™ËÜ›Ü]\\ËËKÜ›Ü]\\ËLMKŽŒKÞˆ‹ˆš[YÜš]HŽˆœÚMLL‹[ÚŽÐÙÖ’PÙ[[ÚÙÕTÐZ›ÌÌÕM[™P]“ÜPÙ]YQ•L•˜UŠØŽQÔÔYÖU”™KÌœQXÙÏOH‹ˆ›XÙ[œÙHŽˆ“RU‹ˆ™\[™[˜ÚY\ÈŽˆÂˆ›ÛÜÙKY[šYžHŽˆ—ŒKŒ‹ˆ›Øš™XÝX\ÜÚYÛˆŽˆ—ŒKŒH‹ˆœ™XXÝZ\ÈŽˆ—ŒM‹ŒLËŒH‚ˆBˆKˆ››ÙWÛ[Ù[\ËÜ™XXÝŽˆÂˆ™\œÚ[ÛˆŽˆŒNKŒ‹Ž‹ˆœ™\ÛÛ™YŽˆšÎ‹ËÜ™YÚ\ÝžK›œZœË›Ü™ËÜ™XXÝËKÜ™XXÝLNKŒ‹ŽÞˆ‹ˆš[YÜš]HŽˆœÚMLL‹TØVPLSÜN]LMÞTZJÖLÓÖY›šYMÖSXR’PÕŒSQÑ“œÐžÐ\QÚ–^\ŒVLÜ
ÔYÐJÞÒ\šÝZYŽŒÊÔØÏOH‹ˆ›XÙ[œÙHŽˆ“RU‹ˆ™[™Ú[™\ÈŽˆÂˆ››ÙHŽˆLŒLŒ‚ˆBˆKˆ››ÙWÛ[Ù[\ËÜ™XXÝYÛHŽˆÂˆ™\œÚ[ÛˆŽˆŒNKŒ‹Ž‹ˆœ™\ÛÛ™YŽˆšÎ‹ËÜ™YÚ\ÝžK›œZœË›Ü™ËÜ™XXÝYÛKËKÜ™XXÝYÛKLNKŒ‹ŽÞˆ‹ˆš[YÜš]HŽˆœÚMLL‹\•œš[Y‘Ð‘ÌÑŠÕLTQÌ‘TÝUÒQÑZ^T[œP™MÝ^QJÑMÕœU”ÒÑÑÖ‘QÔÔÙTTPÓP™ÛOOH‹ˆ›XÙ[œÙHŽˆ“RU‹ˆ™\[™[˜ÚY\ÈŽˆÂˆœØÚY[\ˆŽˆ—ŒŒËŒ‚ˆKˆœY\‘\[™[˜ÚY\ÈŽˆÂˆœ™XXÝŽˆ—ŒNKŒ‹Ž‚ˆBˆKˆ››ÙWÛ[Ù[\ËÜ™XXÝY›Ü˜ÙKYÜ˜\LÙŽˆÂˆ™\œÚ[ÛˆŽˆŒKŒŽKŒH‹ˆœ™\ÛÛ™YŽˆšÎ‹ËÜ™YÚ\ÝžK›œZœË›Ü™ËÜ™XXÝY›Ü˜ÙKYÜ˜\LÙËKÜ™XXÝY›Ü˜ÙKYÜ˜\LÙLKŒŽKŒKÞˆ‹ˆš[YÜš]HŽˆœÚMLL‹MUœ
ÔÜ[“ÊÞ“ÙÒÌ““œYœÕÓ‘žœ’•Ì]•PL]Ú›ÎTÔ–Y•VT\›”›PX‘
ÒÌÞÖÌPšØ’Ì[XÒÏOH‹ˆ›XÙ[œÙHŽˆ“RU‹ˆ™\[™[˜ÚY\ÈŽˆÂˆŒÙY›Ü˜ÙKYÜ˜\Žˆ—ŒKÎH‹ˆœ›Ü]\\ÈŽˆŒMH‹ˆœ™XXÝZØ\Ý[HŽˆ—Œ‹H‚ˆKˆ™[™Ú[™\ÈŽˆÂˆ››ÙHŽˆLLˆ‚ˆKˆœY\‘\[™[˜ÚY\ÈŽˆÂˆœ™XXÝŽˆŠˆ‚ˆBˆKˆ››ÙWÛ[Ù[\ËÜ™XXÝZ\ÈŽˆÂˆ™\œÚ[ÛˆŽˆŒM‹ŒLËŒH‹ˆœ™\ÛÛ™YŽˆšÎ‹ËÜ™YÚ\ÝžK›œZœË›Ü™ËÜ™XXÝZ\ËËKÜ™XXÝZ\ËLM‹ŒLËŒKÞˆ‹ˆš[YÜš]HŽˆœÚMLL‹LMž[‘L’
ÓÒÝÜ\ÓÝ“™Ðœ^›ÞM•œÑSÐŒÐT••ÔZÚKÑ˜U[ÐÍRÝSÓ‹ÐšXØÑPÐÕSØÙ–œÍÌÔŽ”OOH‹ˆ›XÙ[œÙHŽˆ“RU‚ˆKˆ››ÙWÛ[Ù[\ËÜ™XXÝZØ\Ý[HŽˆÂˆ™\œÚ[ÛˆŽˆŒ‹‹Œ‹ˆœ™\ÛÛ™YŽˆšÎ‹ËÜ™YÚ\ÝžK›œZœË›Ü™ËÜ™XXÝZØ\Ý[KËKÜ™XXÝZØ\Ý[KL‹‹ŒÞˆ‹ˆš[YÜš]HŽˆœÚMLL‹R“›ÖXŒ[ŒZÙÚ–œQ‘˜Ô”ŒPM›ÔÒ™PÔØSØžŒ›Î]ÕV””ØŒÓYKËÙÜ“™QŽQU›ÓÑÙM›Þ“^‘]ŠÔOOH‹ˆ›XÙ[œÙHŽˆ“RU‹ˆ™\[™[˜ÚY\ÈŽˆÂˆš™\œž\XÚÈŽˆ—ŒKŒKŒˆ‚ˆKˆ™[™Ú[™\ÈŽˆÂˆ››ÙHŽˆLLˆ‚ˆKˆœY\‘\[™[˜ÚY\ÈŽˆÂˆœ™XXÝŽˆLM‹ŒLËŒH‚ˆBˆKˆ››ÙWÛ[Ù[\ËÜ›ÛÝÛˆŽˆÂˆ™\œÚ[ÛˆŽˆŒKŒ‹È‹ˆœ™\ÛÛ™YŽˆšÎ‹ËÜ™YÚ\ÝžK›œZœË›Ü™ËÜ›ÛÝÛ‹ËKÜ›ÛÝÛ‹LKŒ‹ËÞˆ‹ˆš[YÜš]HŽˆœÚMLL‹YÌ]š•PÚšUŒËÕÝ\Ý‹ÖÕ›]•RQØ“ÑÕMT^Z•[ÙMRÝQ•ÎY‘YÖ[TÌ‘›ÍU\ÜÔ›SS^šVšYÏOH‹ˆ™]ˆŽˆYKˆ›XÙ[œÙHŽˆ“RU‹ˆ™\[™[˜ÚY\ÈŽˆÂˆÞË\›Ú™XÝÝ\\ÈŽˆLŒMŒ‹ˆ›ÛÝÛ‹ÜYÚ[][ÈŽˆ—ŒKŒŒ‚ˆKˆ˜š[ˆŽˆÂˆœ›ÛÝÛˆŽˆ˜š[‹ØÛK›ZœÈ‚ˆKˆ™[™Ú[™\ÈŽˆÂˆ››ÙHŽˆ—ŒŒŒNKŒLŒ‹ŒL‹Œ‚ˆKˆ›Ü[Û˜[\[™[˜ÚY\ÈŽˆÂˆ›ÛÝÛ‹Øš[™[™ËX[™›ÚYX\›KYXXšHŽˆŒKŒ‹È‹ˆ›ÛÝÛ‹Øš[™[™ËX[™›ÚYX\›MŽˆŒKŒ‹È‹ˆ›ÛÝÛ‹Øš[™[™ËY\Ú[‹X\›MŽˆŒKŒ‹È‹ˆ›ÛÝÛ‹Øš[™[™ËY\Ú[‹^ŽˆŒKŒ‹È‹ˆ›ÛÝÛ‹Øš[™[™ËYœ™YXœÙ^ŽˆŒKŒ‹È‹ˆ›ÛÝÛ‹Øš[™[™Ë[[^X\›KYÛYXXšZˆŽˆŒKŒ‹È‹ˆ›ÛÝÛ‹Øš[™[™Ë[[^X\›MYÛHŽˆŒKŒ‹È‹ˆ›ÛÝÛ‹Øš[™[™Ë[[^X\›M[]\ÛŽˆŒKŒ‹È‹ˆ›ÛÝÛ‹Øš[™[™Ë[[^\ÍYÛHŽˆŒKŒ‹È‹ˆ›ÛÝÛ‹Øš[™[™Ë[[^\ÌÎLYÛHŽˆŒKŒ‹È‹ˆ›ÛÝÛ‹Øš[™[™Ë[[^^YÛHŽˆŒKŒ‹È‹ˆ›ÛÝÛ‹Øš[™[™Ë[[^^[]\ÛŽˆŒKŒ‹È‹ˆ›ÛÝÛ‹Øš[™[™Ë[Ü[š\›[ÛžKX\›MŽˆŒKŒ‹È‹ˆ›ÛÝÛ‹Øš[™[™Ë]Ú[ŒÌ‹X\›M[\Ý˜ÈŽˆŒKŒ‹È‹ˆ›ÛÝÛ‹Øš[™[™Ë]Ú[ŒÌ‹^[\Ý˜ÈŽˆŒKŒ‹È‚ˆBˆKˆ››ÙWÛ[Ù[\ËÜØÚY[\ˆŽˆÂˆ™\œÚ[ÛˆŽˆŒŒËŒ‹ˆœ™\ÛÛ™YŽˆšÎ‹ËÜ™YÚ\ÝžK›œZœË›Ü™ËÜØÚY[\‹ËKÜØÚY[\‹LŒËŒÞˆ‹ˆš[YÜš]HŽˆœÚMLL‹YSŠÕÜ•˜’ÝLYŒÝ˜–R•ÞQ\ÞPMRS]ŽRYÖKÛ’ÙÌÕÜ^UQ]œVKÞMÓØÖ˜ËÜXY“ÚSÎQ™ÓÛYTÐ\]KÔOOH‹ˆ›XÙ[œÙHŽˆ“RU‚ˆKˆ››ÙWÛ[Ù[\ËÜÛÝ\˜ÙK[X\ZœÈŽˆÂˆ™\œÚ[ÛˆŽˆŒKŒ‹ŒH‹ˆœ™\ÛÛ™YŽˆšÎ‹ËÜ™YÚ\ÝžK›œZœË›Ü™ËÜÛÝ\˜ÙK[X\ZœËËKÜÛÝ\˜ÙK[X\ZœËLKŒ‹ŒKÞˆ‹ˆš[YÜš]HŽˆœÚMLL‹UVÓRÚÝÕ’ØÌŽU]T–UJÝ\ÙX\’ËÎQÑNÔS]œšÜÝž‘ÚŒZÓÓTXÍÝ’\ÒTÐ‘Î”N
ÒQ^”POOH‹ˆ™]ˆŽˆYKˆ›XÙ[œÙHŽˆ”ÑLËPÛ]\ÙH‹ˆ™[™Ú[™\ÈŽˆÂˆ››ÙHŽˆLŒLŒ‚ˆBˆKˆ››ÙWÛ[Ù[\ËÝ™YHŽˆÂˆ™\œÚ[ÛˆŽˆŒŒN‹Œ‹ˆœ™\ÛÛ™YŽˆšÎ‹ËÜ™YÚ\ÝžK›œZœË›Ü™ËÝ™YKËKÝ™YKLŒN‹ŒÞˆ‹ˆš[YÜš]HŽˆœÚMLL‹XÜ‹Ù’SL™TÕ˜–U™ÚÙ‘“ÑšÎ•›ÊÍÙÔYTÕ‘ÕV’Q‘ÛÓZPÍÚ^‹ÓTNÓXœY›˜ŽLÙ›LKÒÔOOH‹ˆ›XÙ[œÙHŽˆ“RU‚ˆKˆ››ÙWÛ[Ù[\ËÝ™YKY›Ü˜ÙYÜ˜\ŽˆÂˆ™\œÚ[ÛˆŽˆŒKË‹ˆœ™\ÛÛ™YŽˆšÎ‹ËÜ™YÚ\ÝžK›œZœË›Ü™ËÝ™YKY›Ü˜ÙYÜ˜\ËKÝ™YKY›Ü˜ÙYÜ˜\LKËÞˆ‹ˆš[YÜš]HŽˆœÚMLL‹QZV”ÕM–”XR˜LÒ‘QŒUÎYMÜÛ•UNžL“šÞÓ\Ø‘‹ÑÝ›\”\ÕÒÜZÒÔŒY•Ü“ŒÑ‘POOH‹ˆ›XÙ[œÙHŽˆ“RU‹ˆ™\[™[˜ÚY\ÈŽˆÂˆ˜XØÙ\ÜÛÜ‹Y›ˆŽˆŒH‹ˆ™ËX\œ˜^HŽˆŒHHÈ‹ˆ™ËY›Ü˜ÙKLÙŽˆŒˆHÈ‹ˆ™Ë\ØØ[HŽˆŒHH‹ˆ™Ë\ØØ[KXÚ›ÛX]XÈŽˆŒHHÈ‹ˆ™]KXš[™[X\\ˆŽˆŒH‹ˆšØ\Ý[HŽˆ—ŒKŒMˆ‹ˆ›™Ü˜\™›Ü˜Ù[^[Ý]ŽˆŒÈ‹ˆ›™Ü˜\™Ü˜\ŽˆŒŒ‹ˆ[žXÛÛÜŒˆŽˆŒH‚ˆKˆ™[™Ú[™\ÈŽˆÂˆ››ÙHŽˆLLˆ‚ˆKˆœY\‘\[™[˜ÚY\ÈŽˆÂˆ™YHŽˆLŒLNŒÈ‚ˆBˆKˆ››ÙWÛ[Ù[\ËÝ™YK\™[™\‹[Øš™XÝÈŽˆÂˆ™\œÚ[ÛˆŽˆŒK‹Œ‹ˆœ™\ÛÛ™YŽˆšÎ‹ËÜ™YÚ\ÝžK›œZœË›Ü™ËÝ™YK\™[™\‹[Øš™XÝËËKÝ™YK\™[™\‹[Øš™XÝËLK‹ŒÞˆ‹ˆš[YÜš]HŽˆœÚMLL‹RÖYšÔ–QÑX’RÎÚ›ØÕÜSÑŒXPSŽ•P•Õ–PŽPŒ›ÐœU“ŠÍL‘›™Õ–PZYQS”]MÔŒ\”V‹ÞØPYÕ•ÕÔ”OOH‹ˆ›XÙ[œÙHŽˆ“RU‹ˆ™\[™[˜ÚY\ÈŽˆÂˆÙY[šœËÝÙY[‹šœÈŽˆŒNHH‹ˆ˜XØÙ\ÜÛÜ‹Y›ˆŽˆŒH‹ˆ™›Ø]]ÛÛ\Žˆ—ŒKÈ‹ˆšØ\Ý[HŽˆ—ŒKŒMˆ‹ˆœÛ\ÚYŽˆ‚ˆKˆ™[™Ú[™\ÈŽˆÂˆ››ÙHŽˆLLˆ‚ˆKˆœY\‘\[™[˜ÚY\ÈŽˆÂˆ™YHŽˆLŒMÎH‚ˆBˆKˆ››ÙWÛ[Ù[\ËÝ[žXÛÛÜŒˆŽˆÂˆ™\œÚ[ÛˆŽˆŒK‹Œ‹ˆœ™\ÛÛ™YŽˆšÎ‹ËÜ™YÚ\ÝžK›œZœË›Ü™ËÝ[žXÛÛÜŒ‹ËKÝ[žXÛÛÜŒ‹LK‹ŒÞˆ‹ˆš[YÜš]HŽˆœÚMLL‹VPšÕÔR™ÙŒÜÒ•Ž\S‹ÔÊÙ›L“ÚŽRTÌP•ZÍ[ÞÝ›NJÔÕ‘QÑ™SÞÝUžZP\ÍÜ‹ÙV“Ì‘]ÊÜÏOH‹ˆ›XÙ[œÙHŽˆ“RU‚ˆKˆ››ÙWÛ[Ù[\ËÝ[žYÛØ˜žHŽˆÂˆ™\œÚ[ÛˆŽˆŒŒ‹ŒMÈ‹ˆœ™\ÛÛ™YŽˆšÎ‹ËÜ™YÚ\ÝžK›œZœË›Ü™ËÝ[žYÛØ˜žKËKÝ[žYÛØ˜žKLŒ‹ŒMËÞˆ‹ˆš[YÜš]HŽˆœÚMLL‹]Ö‹Ù\ÜRÛY•ÜYššRÒ“ÝÐÓ‘›™[œ•ËØÖZ•‘ÝZÐ™•™ØÓ’Óœ›ÛZ“ÕšXÎ^^SMX[ÙÑ”^UL™ÏOH‹ˆ™]ˆŽˆYKˆ›XÙ[œÙHŽˆ“RU‹ˆ™\[™[˜ÚY\ÈŽˆÂˆ™™\ˆŽˆ—‹KŒ‹ˆœXÛÛX]ÚŽˆ—Œ‚ˆKˆ™[™Ú[™\ÈŽˆÂˆ››ÙHŽˆLL‹ŒŒ‚ˆKˆ™[™[™ÈŽˆÂˆ\›ŽˆšÎ‹ËÙÚ]X‹˜ÛÛKÜÜÛœÛÜœËÔÝ\\˜Ú\Q]ˆ‚ˆBˆKˆ››ÙWÛ[Ù[\ËÝ\\ØÜš\ŽˆÂˆ™\œÚ[ÛˆŽˆ‹ŒŒÈ‹ˆœ™\ÛÛ™YŽˆšÎ‹ËÜ™YÚ\ÝžK›œZœË›Ü™ËÝ\\ØÜš\ËKÝ\\ØÜš\M‹ŒŒËÞˆ‹ˆš[YÜš]HŽˆœÚMLL‹^L•^Ö”TXZÚÑ””’Ñ›JÒÒÕœRZ\ÙÎKÐÖÛNY’Ö”•ÚŒÎÓÑ“˜œÔÜÛÖSPZ\ÑYŒQÙÞUØÙÏOH‹ˆ™]ˆŽˆYKˆ›XÙ[œÙHŽˆ\XÚKL‹Œ‹ˆ˜š[ˆŽˆÂˆØÈŽˆ˜š[‹ÝØÈ‹ˆÜÙ\™\ˆŽˆ˜š[‹ÝÜÙ\™\ˆ‚ˆKˆ™[™Ú[™\ÈŽˆÂˆ››ÙHŽˆLMŒMÈ‚ˆBˆKˆ››ÙWÛ[Ù[\ËÝ[™XÚK]\\ÈŽˆÂˆ™\œÚ[ÛˆŽˆËŒNŒˆ‹ˆœ™\ÛÛ™YŽˆšÎ‹ËÜ™YÚ\ÝžK›œZœË›Ü™ËÝ[™XÚK]\\ËËKÝ[™XÚK]\\ËMËŒNŒ‹Þˆ‹ˆš[YÜš]HŽˆœÚMLL‹P\ÝPÞ™™‘ÒžX”ØTœ›\YRŽ[]Ò•LÚÚÍ“JÝ\•ÝÖS™SŽTÓÑÝÔLÒ›Ž˜ŽLÖš^•™ÚÛ›ŒTŒ•ÑPT”\“KÝÏOH‹ˆ™]ˆŽˆYKˆ›XÙ[œÙHŽˆ“RU‚ˆKˆ››ÙWÛ[Ù[\ËÝš]HŽˆÂˆ™\œÚ[ÛˆŽˆŽŒ‹Œˆ‹ˆœ™\ÛÛ™YŽˆšÎ‹ËÜ™YÚ\ÝžK›œZœË›Ü™ËÝš]KËKÝš]KNŒ‹Œ‹Þˆ‹ˆš[YÜš]HŽˆœÚMLL‹XÑ’Ó‹Ô™ÐU[T›MUÚ“Z’Žšœ™œXÙÒ
Õ\ÊÑÎRLÐÑšRÌÚžŽRÊÓSÓYÜX“P\UÙR\ÐSJÞ‹ÔOOH‹ˆ™]ˆŽˆYKˆ›XÙ[œÙHŽˆ“RU‹ˆ™\[™[˜ÚY\ÈŽˆÂˆ›YÚš[™ØÜÜÈŽˆ—ŒKŒÌËŒ‹ˆœXÛÛX]ÚŽˆ—ŒH‹ˆœÜÝÜÜÈŽˆ—ŽKŒˆ‹ˆœ›ÛÝÛˆŽˆŸŒKŒ‹‹ˆ[žYÛØ˜žHŽˆ—ŒŒ‹ŒMÈ‚ˆKˆ˜š[ˆŽˆÂˆš]HŽˆ˜š[‹Ýš]KšœÈ‚ˆKˆ™[™Ú[™\ÈŽˆÂˆ››ÙHŽˆ—ŒŒŒNKŒLŒ‹ŒL‹Œ‚ˆKˆ™[™[™ÈŽˆÂˆ\›ŽˆšÎ‹ËÙÚ]X‹˜ÛÛKÝš]ZœËÝš]OÜÜÛœÛÜLH‚ˆKˆ›Ü[Û˜[\[™[˜ÚY\ÈŽˆÂˆ™œÙ]™[ÈŽˆŸŒ‹ŒËŒÈ‚ˆKˆœY\‘\[™[˜ÚY\ÈŽˆÂˆ\\ËÛ›ÙHŽˆ—ŒŒŒNKŒLŒ‹ŒL‹Œ‹ˆš]ZœËÙ]ÛÛÈŽˆ—ŒŒŒKŒ‹ˆ™\ØZ[Žˆ—ŒŒËŒŒŒŽŒ‹ˆšš]HŽˆLKŒŒKŒ‹ˆ›\ÜÈŽˆ—ŒŒ‹ˆœØ\ÜÈŽˆ—ŒKÌŒ‹ˆœØ\ÜËY[X™YYŽˆ—ŒKÌŒ‹ˆœÝ[\ÈŽˆLMŽ‹ˆœÝYØ\œÜÈŽˆ—KŒŒ‹ˆ\œÙ\ˆŽˆ—KŒM‹Œ‹ˆÞŽˆ—ŽŒH‹ˆžX[[Žˆ—Œ‹Œˆ‚ˆKˆœY\‘\[™[˜ÚY\ÓY]HŽˆÂˆ\\ËÛ›ÙHŽˆÂˆ›Ü[Û˜[ŽˆYBˆKˆš]ZœËÙ]ÛÛÈŽˆÂˆ›Ü[Û˜[ŽˆYBˆKˆ™\ØZ[ŽˆÂˆ›Ü[Û˜[ŽˆYBˆKˆšš]HŽˆÂˆ›Ü[Û˜[ŽˆYBˆKˆ›\ÜÈŽˆÂˆ›Ü[Û˜[ŽˆYBˆKˆœØ\ÜÈŽˆÂˆ›Ü[Û˜[ŽˆYBˆKˆœØ\ÜËY[X™YYŽˆÂˆ›Ü[Û˜[ŽˆYBˆKˆœÝ[\ÈŽˆÂˆ›Ü[Û˜[ŽˆYBˆKˆœÝYØ\œÜÈŽˆÂˆ›Ü[Û˜[ŽˆYBˆKˆ\œÙ\ˆŽˆÂˆ›Ü[Û˜[ŽˆYBˆKˆÞŽˆÂˆ›Ü[Û˜[ŽˆYBˆKˆžX[[ŽˆÂˆ›Ü[Û˜[ŽˆYBˆBˆBˆBˆBŸB